
Microsoft Visual Studio Solution File, Format Version 12.00
# Visual Studio Version 17
VisualStudioVersion = 17.9.34902.65
MinimumVisualStudioVersion = 10.0.40219.1
Project("{9A19103F-16F7-4668-BE54-9A1E7A4F7556}") = "DataAccess", "DataAccess\DataAccess.csproj", "{B6C4F902-B3B4-4590-861C-F84E40369E70}"
EndProject
Project("{FAE04EC0-301F-11D3-BF4B-00C04F79EFBC}") = "BusinessObject", "BusinessObject\BusinessObject.csproj", "{4A8612B5-F17C-4FE4-9495-D2373BC030E9}"
EndProject
Project("{FAE04EC0-301F-11D3-BF4B-00C04F79EFBC}") = "SalesWPFApp", "SalesWPFApp\SalesWPFApp.csproj", "{380C126D-E57D-47D3-A36C-519329B8D1D3}"
EndProject
Project("{2150E333-8FDC-42A3-9474-1A3956D46DE8}") = "Presentation Layer", "Presentation Layer", "{DE301DD4-85E2-47E1-BA96-7D827AA1E6BA}"
EndProject
Project("{2150E333-8FDC-42A3-9474-1A3956D46DE8}") = "Business Layer", "Business Layer", "{28CA49AD-9283-4DCB-9741-3712A4699A83}"
EndProject
Project("{2150E333-8FDC-42A3-9474-1A3956D46DE8}") = "Data Layer", "Data Layer", "{30CD4442-05CF-44B8-9624-23A34648C7C1}"
EndProject
Global
	GlobalSection(SolutionConfigurationPlatforms) = preSolution
		Debug|Any CPU = Debug|Any CPU
		Release|Any CPU = Release|Any CPU
	EndGlobalSection
	GlobalSection(ProjectConfigurationPlatforms) = postSolution
		{B6C4F902-B3B4-4590-861C-F84E40369E70}.Debug|Any CPU.ActiveCfg = Debug|Any CPU
		{B6C4F902-B3B4-4590-861C-F84E40369E70}.Debug|Any CPU.Build.0 = Debug|Any CPU
		{B6C4F902-B3B4-4590-861C-F84E40369E70}.Release|Any CPU.ActiveCfg = Release|Any CPU
		{B6C4F902-B3B4-4590-861C-F84E40369E70}.Release|Any CPU.Build.0 = Release|Any CPU
		{4A8612B5-F17C-4FE4-9495-D2373BC030E9}.Debug|Any CPU.ActiveCfg = Debug|Any CPU
		{4A8612B5-F17C-4FE4-9495-D2373BC030E9}.Debug|Any CPU.Build.0 = Debug|Any CPU
		{4A8612B5-F17C-4FE4-9495-D2373BC030E9}.Release|Any CPU.ActiveCfg = Release|Any CPU
		{4A8612B5-F17C-4FE4-9495-D2373BC030E9}.Release|Any CPU.Build.0 = Release|Any CPU
		{380C126D-E57D-47D3-A36C-519329B8D1D3}.Debug|Any CPU.ActiveCfg = Debug|Any CPU
		{380C126D-E57D-47D3-A36C-519329B8D1D3}.Debug|Any CPU.Build.0 = Debug|Any CPU
		{380C126D-E57D-47D3-A36C-519329B8D1D3}.Release|Any CPU.ActiveCfg = Release|Any CPU
		{380C126D-E57D-47D3-A36C-519329B8D1D3}.Release|Any CPU.Build.0 = Release|Any CPU
	EndGlobalSection
	GlobalSection(SolutionProperties) = preSolution
		HideSolutionNode = FALSE
	EndGlobalSection
	GlobalSection(NestedProjects) = preSolution
		{B6C4F902-B3B4-4590-861C-F84E40369E70} = {30CD4442-05CF-44B8-9624-23A34648C7C1}
		{4A8612B5-F17C-4FE4-9495-D2373BC030E9} = {28CA49AD-9283-4DCB-9741-3712A4699A83}
		{380C126D-E57D-47D3-A36C-519329B8D1D3} = {DE301DD4-85E2-47E1-BA96-7D827AA1E6BA}
	EndGlobalSection
	GlobalSection(ExtensibilityGlobals) = postSolution
		SolutionGuid = {AEFA8753-0927-4023-9281-588C232963E4}
	EndGlobalSection
EndGlobal
