
Microsoft Visual Studio Solution File, Format Version 12.00
# Visual Studio Version 17
VisualStudioVersion = 17.9.34902.65
MinimumVisualStudioVersion = 10.0.40219.1
Project("{FAE04EC0-301F-11D3-BF4B-00C04F79EFBC}") = "DataAccess", "DataAccess\DataAccess.csproj", "{B6C4F902-B3B4-4590-861C-F84E40369E70}"
EndProject
Global
	GlobalSection(SolutionConfigurationPlatforms) = preSolution
		Debug|Any CPU = Debug|Any CPU
		Release|Any CPU = Release|Any CPU
	EndGlobalSection
	GlobalSection(ProjectConfigurationPlatforms) = postSolution
		{B6C4F902-B3B4-4590-861C-F84E40369E70}.Debug|Any CPU.ActiveCfg = Debug|Any CPU
		{B6C4F902-B3B4-4590-861C-F84E40369E70}.Debug|Any CPU.Build.0 = Debug|Any CPU
		{B6C4F902-B3B4-4590-861C-F84E40369E70}.Release|Any CPU.ActiveCfg = Release|Any CPU
		{B6C4F902-B3B4-4590-861C-F84E40369E70}.Release|Any CPU.Build.0 = Release|Any CPU
	EndGlobalSection
	GlobalSection(SolutionProperties) = preSolution
		HideSolutionNode = FALSE
	EndGlobalSection
	GlobalSection(ExtensibilityGlobals) = postSolution
		SolutionGuid = {AEFA8753-0927-4023-9281-588C232963E4}
	EndGlobalSection
EndGlobal
